
Microsoft Visual Studio Solution File, Format Version 12.00
# Visual Studio 15
VisualStudioVersion = 15.0.28307.136
MinimumVisualStudioVersion = 10.0.40219.1
Project("{FAE04EC0-301F-11D3-BF4B-00C04F79EFBC}") = "CustomerProjectPhase1", "CustomerProjectPhase1\CustomerProjectPhase1.csproj", "{A6F003C7-7944-4E7E-AE1E-8FF401E9CC8A}"
EndProject
Global
	GlobalSection(SolutionConfigurationPlatforms) = preSolution
		Debug|Any CPU = Debug|Any CPU
		Release|Any CPU = Release|Any CPU
	EndGlobalSection
	GlobalSection(ProjectConfigurationPlatforms) = postSolution
		{A6F003C7-7944-4E7E-AE1E-8FF401E9CC8A}.Debug|Any CPU.ActiveCfg = Debug|Any CPU
		{A6F003C7-7944-4E7E-AE1E-8FF401E9CC8A}.Debug|Any CPU.Build.0 = Debug|Any CPU
		{A6F003C7-7944-4E7E-AE1E-8FF401E9CC8A}.Release|Any CPU.ActiveCfg = Release|Any CPU
		{A6F003C7-7944-4E7E-AE1E-8FF401E9CC8A}.Release|Any CPU.Build.0 = Release|Any CPU
	EndGlobalSection
	GlobalSection(SolutionProperties) = preSolution
		HideSolutionNode = FALSE
	EndGlobalSection
	GlobalSection(ExtensibilityGlobals) = postSolution
		SolutionGuid = {10CF6930-A053-451F-A51D-8374C77DF780}
	EndGlobalSection
EndGlobal
